
Microsoft Visual Studio Solution File, Format Version 12.00
# Visual Studio Version 17
VisualStudioVersion = 17.5.33414.496
MinimumVisualStudioVersion = 10.0.40219.1
Project("{FAE04EC0-301F-11D3-BF4B-00C04F79EFBC}") = "EFCode", "EFCode\EFCode.csproj", "{AD36FAED-7FF7-4B3D-9145-158B7F47CEE7}"
EndProject
Global
	GlobalSection(SolutionConfigurationPlatforms) = preSolution
		Debug|Any CPU = Debug|Any CPU
		Release|Any CPU = Release|Any CPU
	EndGlobalSection
	GlobalSection(ProjectConfigurationPlatforms) = postSolution
		{AD36FAED-7FF7-4B3D-9145-158B7F47CEE7}.Debug|Any CPU.ActiveCfg = Debug|Any CPU
		{AD36FAED-7FF7-4B3D-9145-158B7F47CEE7}.Debug|Any CPU.Build.0 = Debug|Any CPU
		{AD36FAED-7FF7-4B3D-9145-158B7F47CEE7}.Release|Any CPU.ActiveCfg = Release|Any CPU
		{AD36FAED-7FF7-4B3D-9145-158B7F47CEE7}.Release|Any CPU.Build.0 = Release|Any CPU
	EndGlobalSection
	GlobalSection(SolutionProperties) = preSolution
		HideSolutionNode = FALSE
	EndGlobalSection
	GlobalSection(ExtensibilityGlobals) = postSolution
		SolutionGuid = {489FF0C7-03DC-4B8B-A213-BB32A070D3A2}
	EndGlobalSection
EndGlobal
